// !$*UTF8*$!
{
	archiveVersion = 1;
	classes = {
	};
	objectVersion = 50;
	objects = {

/* Begin PBXBuildFile section */
		4C670503230E6A63005AA10F /* PHAsset+Coofdy.m in Sources */ = {isa = PBXBuildFile; fileRef = 4C670502230E6A63005AA10F /* PHAsset+Coofdy.m */; };
		4CA125ED22FD22870073F9C3 /* AppDelegate.m in Sources */ = {isa = PBXBuildFile; fileRef = 4CA125EC22FD22870073F9C3 /* AppDelegate.m */; };
		4CA125F022FD22870073F9C3 /* SceneDelegate.m in Sources */ = {isa = PBXBuildFile; fileRef = 4CA125EF22FD22870073F9C3 /* SceneDelegate.m */; };
		4CA125F322FD22870073F9C3 /* ViewController.m in Sources */ = {isa = PBXBuildFile; fileRef = 4CA125F222FD22870073F9C3 /* ViewController.m */; };
		4CA125F622FD22870073F9C3 /* Main.storyboard in Resources */ = {isa = PBXBuildFile; fileRef = 4CA125F422FD22870073F9C3 /* Main.storyboard */; };
		4CA125F822FD228A0073F9C3 /* Assets.xcassets in Resources */ = {isa = PBXBuildFile; fileRef = 4CA125F722FD228A0073F9C3 /* Assets.xcassets */; };
		4CA125FB22FD228A0073F9C3 /* LaunchScreen.storyboard in Resources */ = {isa = PBXBuildFile; fileRef = 4CA125F922FD228A0073F9C3 /* LaunchScreen.storyboard */; };
		4CA125FE22FD228A0073F9C3 /* main.m in Sources */ = {isa = PBXBuildFile; fileRef = 4CA125FD22FD228A0073F9C3 /* main.m */; };
		4CA1260522FD22C70073F9C3 /* InternalSetWallpaper.m in Sources */ = {isa = PBXBuildFile; fileRef = 4CA1260422FD22C70073F9C3 /* InternalSetWallpaper.m */; };
		4CA1260922FD23A90073F9C3 /* Photos.framework in Frameworks */ = {isa = PBXBuildFile; fileRef = 4CA1260822FD23A90073F9C3 /* Photos.framework */; };
/* End PBXBuildFile section */

/* Begin PBXFileReference section */
		4C53962F2306544B006BDF22 /* Set Wallpaper.entitlements */ = {isa = PBXFileReference; lastKnownFileType = text.plist.entitlements; path = "Set Wallpaper.entitlements"; sourceTree = "<group>"; };
		4C670501230E6A63005AA10F /* PHAsset+Coofdy.h */ = {isa = PBXFileReference; lastKnownFileType = sourcecode.c.h; path = "PHAsset+Coofdy.h"; sourceTree = "<group>"; };
		4C670502230E6A63005AA10F /* PHAsset+Coofdy.m */ = {isa = PBXFileReference; lastKnownFileType = sourcecode.c.objc; path = "PHAsset+Coofdy.m"; sourceTree = "<group>"; };
		4CA125E822FD22870073F9C3 /* Set Wallpaper.app */ = {isa = PBXFileReference; explicitFileType = wrapper.application; includeInIndex = 0; path = "Set Wallpaper.app"; sourceTree = BUILT_PRODUCTS_DIR; };
		4CA125EB22FD22870073F9C3 /* AppDelegate.h */ = {isa = PBXFileReference; lastKnownFileType = sourcecode.c.h; path = AppDelegate.h; sourceTree = "<group>"; };
		4CA125EC22FD22870073F9C3 /* AppDelegate.m */ = {isa = PBXFileReference; lastKnownFileType = sourcecode.c.objc; path = AppDelegate.m; sourceTree = "<group>"; };
		4CA125EE22FD22870073F9C3 /* SceneDelegate.h */ = {isa = PBXFileReference; lastKnownFileType = sourcecode.c.h; path = SceneDelegate.h; sourceTree = "<group>"; };
		4CA125EF22FD22870073F9C3 /* SceneDelegate.m */ = {isa = PBXFileReference; lastKnownFileType = sourcecode.c.objc; path = SceneDelegate.m; sourceTree = "<group>"; };
		4CA125F122FD22870073F9C3 /* ViewController.h */ = {isa = PBXFileReference; lastKnownFileType = sourcecode.c.h; path = ViewController.h; sourceTree = "<group>"; };
		4CA125F222FD22870073F9C3 /* ViewController.m */ = {isa = PBXFileReference; lastKnownFileType = sourcecode.c.objc; path = ViewController.m; sourceTree = "<group>"; };
		4CA125F522FD22870073F9C3 /* Base */ = {isa = PBXFileReference; lastKnownFileType = file.storyboard; name = Base; path = Base.lproj/Main.storyboard; sourceTree = "<group>"; };
		4CA125F722FD228A0073F9C3 /* Assets.xcassets */ = {isa = PBXFileReference; lastKnownFileType = folder.assetcatalog; path = Assets.xcassets; sourceTree = "<group>"; };
		4CA125FA22FD228A0073F9C3 /* Base */ = {isa = PBXFileReference; lastKnownFileType = file.storyboard; name = Base; path = Base.lproj/LaunchScreen.storyboard; sourceTree = "<group>"; };
		4CA125FC22FD228A0073F9C3 /* Info.plist */ = {isa = PBXFileReference; lastKnownFileType = text.plist.xml; path = Info.plist; sourceTree = "<group>"; };
		4CA125FD22FD228A0073F9C3 /* main.m */ = {isa = PBXFileReference; lastKnownFileType = sourcecode.c.objc; path = main.m; sourceTree = "<group>"; };
		4CA1260422FD22C70073F9C3 /* InternalSetWallpaper.m */ = {isa = PBXFileReference; fileEncoding = 4; lastKnownFileType = sourcecode.c.objc; path = InternalSetWallpaper.m; sourceTree = "<group>"; };
		4CA1260622FD22FA0073F9C3 /* InternalSetWallpaper.h */ = {isa = PBXFileReference; lastKnownFileType = sourcecode.c.h; path = InternalSetWallpaper.h; sourceTree = "<group>"; };
		4CA1260822FD23A90073F9C3 /* Photos.framework */ = {isa = PBXFileReference; lastKnownFileType = wrapper.framework; name = Photos.framework; path = System/Library/Frameworks/Photos.framework; sourceTree = SDKROOT; };
/* End PBXFileReference section */

/* Begin PBXFrameworksBuildPhase section */
		4CA125E522FD22870073F9C3 /* Frameworks */ = {
			isa = PBXFrameworksBuildPhase;
			buildActionMask = 2147483647;
			files = (
				4CA1260922FD23A90073F9C3 /* Photos.framework in Frameworks */,
			);
			runOnlyForDeploymentPostprocessing = 0;
		};
/* End PBXFrameworksBuildPhase section */

/* Begin PBXGroup section */
		4CA125DF22FD22870073F9C3 = {
			isa = PBXGroup;
			children = (
				4CA125EA22FD22870073F9C3 /* Set Wallpaper */,
				4CA125E922FD22870073F9C3 /* Products */,
				4CA1260722FD23A90073F9C3 /* Frameworks */,
			);
			sourceTree = "<group>";
		};
		4CA125E922FD22870073F9C3 /* Products */ = {
			isa = PBXGroup;
			children = (
				4CA125E822FD22870073F9C3 /* Set Wallpaper.app */,
			);
			name = Products;
			sourceTree = "<group>";
		};
		4CA125EA22FD22870073F9C3 /* Set Wallpaper */ = {
			isa = PBXGroup;
			children = (
				4C53962F2306544B006BDF22 /* Set Wallpaper.entitlements */,
				4CA125EB22FD22870073F9C3 /* AppDelegate.h */,
				4CA125EC22FD22870073F9C3 /* AppDelegate.m */,
				4CA125EE22FD22870073F9C3 /* SceneDelegate.h */,
				4CA125EF22FD22870073F9C3 /* SceneDelegate.m */,
				4CA125F122FD22870073F9C3 /* ViewController.h */,
				4CA125F222FD22870073F9C3 /* ViewController.m */,
				4CA1260622FD22FA0073F9C3 /* InternalSetWallpaper.h */,
				4CA1260422FD22C70073F9C3 /* InternalSetWallpaper.m */,
				4C670501230E6A63005AA10F /* PHAsset+Coofdy.h */,
				4C670502230E6A63005AA10F /* PHAsset+Coofdy.m */,
				4CA125F422FD22870073F9C3 /* Main.storyboard */,
				4CA125F722FD228A0073F9C3 /* Assets.xcassets */,
				4CA125F922FD228A0073F9C3 /* LaunchScreen.storyboard */,
				4CA125FC22FD228A0073F9C3 /* Info.plist */,
				4CA125FD22FD228A0073F9C3 /* main.m */,
			);
			path = "Set Wallpaper";
			sourceTree = "<group>";
		};
		4CA1260722FD23A90073F9C3 /* Frameworks */ = {
			isa = PBXGroup;
			children = (
				4CA1260822FD23A90073F9C3 /* Photos.framework */,
			);
			name = Frameworks;
			sourceTree = "<group>";
		};
/* End PBXGroup section */

/* Begin PBXNativeTarget section */
		4CA125E722FD22870073F9C3 /* Set Wallpaper */ = {
			isa = PBXNativeTarget;
			buildConfigurationList = 4CA1260122FD228A0073F9C3 /* Build configuration list for PBXNativeTarget "Set Wallpaper" */;
			buildPhases = (
				4CA125E422FD22870073F9C3 /* Sources */,
				4CA125E522FD22870073F9C3 /* Frameworks */,
				4CA125E622FD22870073F9C3 /* Resources */,
			);
			buildRules = (
			);
			dependencies = (
			);
			name = "Set Wallpaper";
			productName = "Set Wallpaper";
			productReference = 4CA125E822FD22870073F9C3 /* Set Wallpaper.app */;
			productType = "com.apple.product-type.application";
		};
/* End PBXNativeTarget section */

/* Begin PBXProject section */
		4CA125E022FD22870073F9C3 /* Project object */ = {
			isa = PBXProject;
			attributes = {
				LastUpgradeCheck = 1100;
				ORGANIZATIONNAME = "Michael Kenny";
				TargetAttributes = {
					4CA125E722FD22870073F9C3 = {
						CreatedOnToolsVersion = 11.0;
						LastSwiftMigration = 1100;
					};
				};
			};
			buildConfigurationList = 4CA125E322FD22870073F9C3 /* Build configuration list for PBXProject "Set Wallpaper" */;
			compatibilityVersion = "Xcode 9.3";
			developmentRegion = en;
			hasScannedForEncodings = 0;
			knownRegions = (
				en,
				Base,
			);
			mainGroup = 4CA125DF22FD22870073F9C3;
			productRefGroup = 4CA125E922FD22870073F9C3 /* Products */;
			projectDirPath = "";
			projectRoot = "";
			targets = (
				4CA125E722FD22870073F9C3 /* Set Wallpaper */,
			);
		};
/* End PBXProject section */

/* Begin PBXResourcesBuildPhase section */
		4CA125E622FD22870073F9C3 /* Resources */ = {
			isa = PBXResourcesBuildPhase;
			buildActionMask = 2147483647;
			files = (
				4CA125FB22FD228A0073F9C3 /* LaunchScreen.storyboard in Resources */,
				4CA125F822FD228A0073F9C3 /* Assets.xcassets in Resources */,
				4CA125F622FD22870073F9C3 /* Main.storyboard in Resources */,
			);
			runOnlyForDeploymentPostprocessing = 0;
		};
/* End PBXResourcesBuildPhase section */

/* Begin PBXSourcesBuildPhase section */
		4CA125E422FD22870073F9C3 /* Sources */ = {
			isa = PBXSourcesBuildPhase;
			buildActionMask = 2147483647;
			files = (
				4CA125F322FD22870073F9C3 /* ViewController.m in Sources */,
				4CA125ED22FD22870073F9C3 /* AppDelegate.m in Sources */,
				4CA1260522FD22C70073F9C3 /* InternalSetWallpaper.m in Sources */,
				4CA125FE22FD228A0073F9C3 /* main.m in Sources */,
				4C670503230E6A63005AA10F /* PHAsset+Coofdy.m in Sources */,
				4CA125F022FD22870073F9C3 /* SceneDelegate.m in Sources */,
			);
			runOnlyForDeploymentPostprocessing = 0;
		};
/* End PBXSourcesBuildPhase section */

/* Begin PBXVariantGroup section */
		4CA125F422FD22870073F9C3 /* Main.storyboard */ = {
			isa = PBXVariantGroup;
			children = (
				4CA125F522FD22870073F9C3 /* Base */,
			);
			name = Main.storyboard;
			sourceTree = "<group>";
		};
		4CA125F922FD228A0073F9C3 /* LaunchScreen.storyboard */ = {
			isa = PBXVariantGroup;
			children = (
				4CA125FA22FD228A0073F9C3 /* Base */,
			);
			name = LaunchScreen.storyboard;
			sourceTree = "<group>";
		};
/* End PBXVariantGroup section */

/* Begin XCBuildConfiguration section */
		4CA125FF22FD228A0073F9C3 /* Debug */ = {
			isa = XCBuildConfiguration;
			buildSettings = {
				ALWAYS_SEARCH_USER_PATHS = NO;
				CLANG_ANALYZER_NONNULL = YES;
				CLANG_ANALYZER_NUMBER_OBJECT_CONVERSION = YES_AGGRESSIVE;
				CLANG_CXX_LANGUAGE_STANDARD = "gnu++14";
				CLANG_CXX_LIBRARY = "libc++";
				CLANG_ENABLE_MODULES = YES;
				CLANG_ENABLE_OBJC_ARC = YES;
				CLANG_ENABLE_OBJC_WEAK = YES;
				CLANG_WARN_BLOCK_CAPTURE_AUTORELEASING = YES;
				CLANG_WARN_BOOL_CONVERSION = YES;
				CLANG_WARN_COMMA = YES;
				CLANG_WARN_CONSTANT_CONVERSION = YES;
				CLANG_WARN_DEPRECATED_OBJC_IMPLEMENTATIONS = YES;
				CLANG_WARN_DIRECT_OBJC_ISA_USAGE = YES_ERROR;
				CLANG_WARN_DOCUMENTATION_COMMENTS = YES;
				CLANG_WARN_EMPTY_BODY = YES;
				CLANG_WARN_ENUM_CONVERSION = YES;
				CLANG_WARN_INFINITE_RECURSION = YES;
				CLANG_WARN_INT_CONVERSION = YES;
				CLANG_WARN_NON_LITERAL_NULL_CONVERSION = YES;
				CLANG_WARN_OBJC_IMPLICIT_RETAIN_SELF = YES;
				CLANG_WARN_OBJC_LITERAL_CONVERSION = YES;
				CLANG_WARN_OBJC_ROOT_CLASS = YES_ERROR;
				CLANG_WARN_RANGE_LOOP_ANALYSIS = YES;
				CLANG_WARN_STRICT_PROTOTYPES = YES;
				CLANG_WARN_SUSPICIOUS_MOVE = YES;
				CLANG_WARN_UNGUARDED_AVAILABILITY = YES_AGGRESSIVE;
				CLANG_WARN_UNREACHABLE_CODE = YES;
				CLANG_WARN__DUPLICATE_METHOD_MATCH = YES;
				COPY_PHASE_STRIP = NO;
				DEBUG_INFORMATION_FORMAT = dwarf;
				ENABLE_STRICT_OBJC_MSGSEND = YES;
				ENABLE_TESTABILITY = YES;
				GCC_C_LANGUAGE_STANDARD = gnu11;
				GCC_DYNAMIC_NO_PIC = NO;
				GCC_NO_COMMON_BLOCKS = YES;
				GCC_OPTIMIZATION_LEVEL = 0;
				GCC_PREPROCESSOR_DEFINITIONS = (
					"DEBUG=1",
					"$(inherited)",
				);
				GCC_WARN_64_TO_32_BIT_CONVERSION = YES;
				GCC_WARN_ABOUT_RETURN_TYPE = YES_ERROR;
				GCC_WARN_UNDECLARED_SELECTOR = YES;
				GCC_WARN_UNINITIALIZED_AUTOS = YES_AGGRESSIVE;
				GCC_WARN_UNUSED_FUNCTION = YES;
				GCC_WARN_UNUSED_VARIABLE = YES;
				IPHONEOS_DEPLOYMENT_TARGET = 13.0;
				MTL_ENABLE_DEBUG_INFO = INCLUDE_SOURCE;
				MTL_FAST_MATH = YES;
				ONLY_ACTIVE_ARCH = YES;
				SDKROOT = iphoneos;
			};
			name = Debug;
		};
		4CA1260022FD228A0073F9C3 /* Release */ = {
			isa = XCBuildConfiguration;
			buildSettings = {
				ALWAYS_SEARCH_USER_PATHS = NO;
				CLANG_ANALYZER_NONNULL = YES;
				CLANG_ANALYZER_NUMBER_OBJECT_CONVERSION = YES_AGGRESSIVE;
				CLANG_CXX_LANGUAGE_STANDARD = "gnu++14";
				CLANG_CXX_LIBRARY = "libc++";
				CLANG_ENABLE_MODULES = YES;
				CLANG_ENABLE_OBJC_ARC = YES;
				CLANG_ENABLE_OBJC_WEAK = YES;
				CLANG_WARN_BLOCK_CAPTURE_AUTORELEASING = YES;
				CLANG_WARN_BOOL_CONVERSION = YES;
				CLANG_WARN_COMMA = YES;
				CLANG_WARN_CONSTANT_CONVERSION = YES;
				CLANG_WARN_DEPRECATED_OBJC_IMPLEMENTATIONS = YES;
				CLANG_WARN_DIRECT_OBJC_ISA_USAGE = YES_ERROR;
				CLANG_WARN_DOCUMENTATION_COMMENTS = YES;
				CLANG_WARN_EMPTY_BODY = YES;
				CLANG_WARN_ENUM_CONVERSION = YES;
				CLANG_WARN_INFINITE_RECURSION = YES;
				CLANG_WARN_INT_CONVERSION = YES;
				CLANG_WARN_NON_LITERAL_NULL_CONVERSION = YES;
				CLANG_WARN_OBJC_IMPLICIT_RETAIN_SELF = YES;
				CLANG_WARN_OBJC_LITERAL_CONVERSION = YES;
				CLANG_WARN_OBJC_ROOT_CLASS = YES_ERROR;
				CLANG_WARN_RANGE_LOOP_ANALYSIS = YES;
				CLANG_WARN_STRICT_PROTOTYPES = YES;
				CLANG_WARN_SUSPICIOUS_MOVE = YES;
				CLANG_WARN_UNGUARDED_AVAILABILITY = YES_AGGRESSIVE;
				CLANG_WARN_UNREACHABLE_CODE = YES;
				CLANG_WARN__DUPLICATE_METHOD_MATCH = YES;
				COPY_PHASE_STRIP = NO;
				DEBUG_INFORMATION_FORMAT = "dwarf-with-dsym";
				ENABLE_NS_ASSERTIONS = NO;
				ENABLE_STRICT_OBJC_MSGSEND = YES;
				GCC_C_LANGUAGE_STANDARD = gnu11;
				GCC_NO_COMMON_BLOCKS = YES;
				GCC_WARN_64_TO_32_BIT_CONVERSION = YES;
				GCC_WARN_ABOUT_RETURN_TYPE = YES_ERROR;
				GCC_WARN_UNDECLARED_SELECTOR = YES;
				GCC_WARN_UNINITIALIZED_AUTOS = YES_AGGRESSIVE;
				GCC_WARN_UNUSED_FUNCTION = YES;
				GCC_WARN_UNUSED_VARIABLE = YES;
				IPHONEOS_DEPLOYMENT_TARGET = 13.0;
				MTL_ENABLE_DEBUG_INFO = NO;
				MTL_FAST_MATH = YES;
				SDKROOT = iphoneos;
				VALIDATE_PRODUCT = YES;
			};
			name = Release;
		};
		4CA1260222FD228A0073F9C3 /* Debug */ = {
			isa = XCBuildConfiguration;
			buildSettings = {
				ASSETCATALOG_COMPILER_APPICON_NAME = AppIcon;
				CODE_SIGN_ENTITLEMENTS = "Set Wallpaper/Set Wallpaper.entitlements";
				CODE_SIGN_IDENTITY = "Apple Development";
				CODE_SIGN_STYLE = Automatic;
				DEVELOPMENT_TEAM = KHSNQKXT55;
				INFOPLIST_FILE = "Set Wallpaper/Info.plist";
				LD_RUNPATH_SEARCH_PATHS = (
					"$(inherited)",
					"@executable_path/Frameworks",
				);
				PRODUCT_BUNDLE_IDENTIFIER = "com.coofdylabs.Set-Wallpaper";
				PRODUCT_NAME = "$(TARGET_NAME)";
				PROVISIONING_PROFILE_SPECIFIER = "";
				SWIFT_OPTIMIZATION_LEVEL = "-Onone";
				TARGETED_DEVICE_FAMILY = "1,2";
			};
			name = Debug;
		};
		4CA1260322FD228A0073F9C3 /* Release */ = {
			isa = XCBuildConfiguration;
			buildSettings = {
				ASSETCATALOG_COMPILER_APPICON_NAME = AppIcon;
				CODE_SIGN_ENTITLEMENTS = "Set Wallpaper/Set Wallpaper.entitlements";
				CODE_SIGN_IDENTITY = "Apple Development";
				CODE_SIGN_STYLE = Automatic;
				DEVELOPMENT_TEAM = KHSNQKXT55;
				INFOPLIST_FILE = "Set Wallpaper/Info.plist";
				LD_RUNPATH_SEARCH_PATHS = (
					"$(inherited)",
					"@executable_path/Frameworks",
				);
				PRODUCT_BUNDLE_IDENTIFIER = "com.coofdylabs.Set-Wallpaper";
				PRODUCT_NAME = "$(TARGET_NAME)";
				PROVISIONING_PROFILE_SPECIFIER = "";
				TARGETED_DEVICE_FAMILY = "1,2";
			};
			name = Release;
		};
/* End XCBuildConfiguration section */

/* Begin XCConfigurationList section */
		4CA125E322FD22870073F9C3 /* Build configuration list for PBXProject "Set Wallpaper" */ = {
			isa = XCConfigurationList;
			buildConfigurations = (
				4CA125FF22FD228A0073F9C3 /* Debug */,
				4CA1260022FD228A0073F9C3 /* Release */,
			);
			defaultConfigurationIsVisible = 0;
			defaultConfigurationName = Release;
		};
		4CA1260122FD228A0073F9C3 /* Build configuration list for PBXNativeTarget "Set Wallpaper" */ = {
			isa = XCConfigurationList;
			buildConfigurations = (
				4CA1260222FD228A0073F9C3 /* Debug */,
				4CA1260322FD228A0073F9C3 /* Release */,
			);
			defaultConfigurationIsVisible = 0;
			defaultConfigurationName = Release;
		};
/* End XCConfigurationList section */
	};
	rootObject = 4CA125E022FD22870073F9C3 /* Project object */;
}
